lockfileVersion: '9.0'

settings:
  autoInstallPeers: true
  excludeLinksFromLockfile: false

importers:

  .:
    devDependencies:
      turbo:
        specifier: ^2.8.20
        version: 2.8.20

packages:

  '@turbo/darwin-64@2.8.20':
    resolution: {integrity: sha512-FQ9EX1xMU5nbwjxXxM3yU88AQQ6Sqc6S44exPRroMcx9XZHqqppl5ymJF0Ig/z3nvQNwDmz1Gsnvxubo+nXWjQ==}
    cpu: [x64]
    os: [darwin]

  '@turbo/darwin-arm64@2.8.20':
    resolution: {integrity: sha512-Gpyh9ATFGThD6/s9L95YWY54cizg/VRWl2B67h0yofG8BpHf67DFAh9nuJVKG7bY0+SBJDAo5cMur+wOl9YOYw==}
    cpu: [arm64]
    os: [darwin]

  '@turbo/linux-64@2.8.20':
    resolution: {integrity: sha512-p2QxWUYyYUgUFG0b0kR+pPi8t7c9uaVlRtjTTI1AbCvVqkpjUfCcReBn6DgG/Hu8xrWdKLuyQFaLYFzQskZbcA==}
    cpu: [x64]
    os: [linux]

  '@turbo/linux-arm64@2.8.20':
    resolution: {integrity: sha512-Gn5yjlZGLRZWarLWqdQzv0wMqyBNIdq1QLi48F1oY5Lo9kiohuf7BPQWtWxeNVS2NgJ1+nb/DzK1JduYC4AWOA==}
    cpu: [arm64]
    os: [linux]

  '@turbo/windows-64@2.8.20':
    resolution: {integrity: sha512-vyaDpYk/8T6Qz5V/X+ihKvKFEZFUoC0oxYpC1sZanK6gaESJlmV3cMRT3Qhcg4D2VxvtC2Jjs9IRkrZGL+exLw==}
    cpu: [x64]
    os: [win32]

  '@turbo/windows-arm64@2.8.20':
    resolution: {integrity: sha512-voicVULvUV5yaGXo0Iue13BcHGYW3u0VgqSbfQwBaHbpj1zLjYV4KIe+7fYIo6DO8FVUJzxFps3ODCQG/Wy2Qw==}
    cpu: [arm64]
    os: [win32]

  turbo@2.8.20:
    resolution: {integrity: sha512-Rb4qk5YT8RUwwdXtkLpkVhNEe/lor6+WV7S5tTlLpxSz6MjV5Qi8jGNn4gS6NAvrYGA/rNrE6YUQM85sCZUDbQ==}
    hasBin: true

snapshots:

  '@turbo/darwin-64@2.8.20':
    optional: true

  '@turbo/darwin-arm64@2.8.20':
    optional: true

  '@turbo/linux-64@2.8.20':
    optional: true

  '@turbo/linux-arm64@2.8.20':
    optional: true

  '@turbo/windows-64@2.8.20':
    optional: true

  '@turbo/windows-arm64@2.8.20':
    optional: true

  turbo@2.8.20:
    optionalDependencies:
      '@turbo/darwin-64': 2.8.20
      '@turbo/darwin-arm64': 2.8.20
      '@turbo/linux-64': 2.8.20
      '@turbo/linux-arm64': 2.8.20
      '@turbo/windows-64': 2.8.20
      '@turbo/windows-arm64': 2.8.20
