# THIS IS AN AUTOGENERATED FILE. DO NOT EDIT THIS FILE DIRECTLY.
# yarn lockfile v1


"@types/prop-types@*":
  version "15.7.3"
  resolved "https://registry.yarnpkg.com/@types/prop-types/-/prop-types-15.7.3.tgz#2ab0d5da2e5815f94b0b9d4b95d1e5f243ab2ca7"
  integrity sha512-KfRL3PuHmqQLOG+2tGpRO26Ctg+Cq1E01D2DMriKEATHgWLfeNDmq9e29Q9WIky0dQ3NPkd1mzYH8Lm936Z9qw==

"@types/react@^17.0.19":
  version "17.0.44"
  resolved "https://registry.yarnpkg.com/@types/react/-/react-17.0.44.tgz#c3714bd34dd551ab20b8015d9d0dbec812a51ec7"
  integrity sha512-Ye0nlw09GeMp2Suh8qoOv0odfgCoowfM/9MG6WeRD60Gq9wS90bdkdRtYbRkNhXOpG4H+YXGvj4wOWhAC0LJ1g==
  dependencies:
    "@types/prop-types" "*"
    "@types/scheduler" "*"
    csstype "^3.0.2"

"@types/scheduler@*":
  version "0.16.1"
  resolved "https://registry.yarnpkg.com/@types/scheduler/-/scheduler-0.16.1.tgz#18845205e86ff0038517aab7a18a62a6b9f71275"
  integrity sha512-EaCxbanVeyxDRTQBkdLb3Bvl/HK7PBK6UJjsSixB0iHKoWxE5uu2Q/DgtpOhPIojN0Zl1whvOd7PoHs2P0s5eA==

csstype@^3.0.2:
  version "3.0.8"
  resolved "https://registry.yarnpkg.com/csstype/-/csstype-3.0.8.tgz#d2266a792729fb227cd216fb572f43728e1ad340"
  integrity sha512-jXKhWqXPmlUeoQnF/EhTtTl4C9SnrxSH/jZUih3jmO6lBKr99rP3/+FmrMj4EFpOXzMtXHAZkd3x0E6h6Fgflw==

"js-tokens@^3.0.0 || ^4.0.0":
  version "4.0.0"
  resolved "https://registry.yarnpkg.com/js-tokens/-/js-tokens-4.0.0.tgz#19203fb59991df98e3a287050d4647cdeaf32499"
  integrity sha512-RdJUflcE3cUzKiMqQgsCu06FPu9UdIJO0beYbPhHN4k6apgJtifcoCtT9bcxOpYBtpD2kCM6Sbzg4CausW/PKQ==

loose-envify@^1.1.0:
  version "1.4.0"
  resolved "https://registry.yarnpkg.com/loose-envify/-/loose-envify-1.4.0.tgz#71ee51fa7be4caec1a63839f7e682d8132d30caf"
  integrity sha512-lyuxPGr/Wfhrlem2CL/UcnUc1zcqKAImBDzukY7Y5F/yQiNdko6+fRLevlw1HgMySw7f611UIY408EtxRSoK3Q==
  dependencies:
    js-tokens "^3.0.0 || ^4.0.0"

object-assign@^4.1.1:
  version "4.1.1"
  resolved "https://registry.yarnpkg.com/object-assign/-/object-assign-4.1.1.tgz#2109adc7965887cfc05cbbd442cac8bfbb360863"
  integrity sha1-IQmtx5ZYh8/AXLvUQsrIv7s2CGM=

react@^17.0.2:
  version "17.0.2"
  resolved "https://registry.yarnpkg.com/react/-/react-17.0.2.tgz#d0b5cc516d29eb3eee383f75b62864cfb6800037"
  integrity sha512-gnhPt75i/dq/z3/6q/0asP78D0u592D5L1pd7M8P+dck6Fu/jJeL6iVVK23fptSUZj8Vjf++7wXA8UNclGQcbA==
  dependencies:
    loose-envify "^1.1.0"
    object-assign "^4.1.1"

typescript@^4.3.5:
  version "4.6.3"
  resolved "https://registry.yarnpkg.com/typescript/-/typescript-4.6.3.tgz#eefeafa6afdd31d725584c67a0eaba80f6fc6c6c"
  integrity sha512-yNIatDa5iaofVozS/uQJEl3JRWLKKGJKh6Yaiv0GLGSuhpFJe7P3SbHZ8/yjAHRQwKRoA6YZqlfjXWmVzoVSMw==
